
Microsoft Visual Studio Solution File, Format Version 12.00
Project("{FAE04EC0-301F-11D3-BF4B-00C04F79EFBC}") = "GenericOnlineShop", "src\GenericOnlineShop\GenericOnlineShop.csproj", "{E002729D-D25D-4871-AEAD-099CBBEB4335}"
EndProject
Project("{FAE04EC0-301F-11D3-BF4B-00C04F79EFBC}") = "GenericOnlineShop.Common", "src\GenericOnlineShop.Common\GenericOnlineShop.Common.csproj", "{6FA92220-DAC3-4D05-968C-9A94B9246BE0}"
EndProject
Project("{FAE04EC0-301F-11D3-BF4B-00C04F79EFBC}") = "GenericOnlineShop.Common.UI", "src\GenericOnlineShop.Common.UI\GenericOnlineShop.Common.UI.csproj", "{50B769B1-364B-4FD8-983C-BB06DA32B293}"
EndProject
Project("{FAE04EC0-301F-11D3-BF4B-00C04F79EFBC}") = "GenericOnlineShop.Web", "src\GenericOnlineShop.Web\GenericOnlineShop.Web.csproj", "{9EF760C6-DCF5-472A-B593-9458DC65DE21}"
EndProject
Global
	GlobalSection(SolutionConfigurationPlatforms) = preSolution
		Debug|Any CPU = Debug|Any CPU
		Release|Any CPU = Release|Any CPU
	EndGlobalSection
	GlobalSection(ProjectConfigurationPlatforms) = postSolution
		{E002729D-D25D-4871-AEAD-099CBBEB4335}.Debug|Any CPU.ActiveCfg = Debug|Any CPU
		{E002729D-D25D-4871-AEAD-099CBBEB4335}.Debug|Any CPU.Build.0 = Debug|Any CPU
		{E002729D-D25D-4871-AEAD-099CBBEB4335}.Release|Any CPU.ActiveCfg = Release|Any CPU
		{E002729D-D25D-4871-AEAD-099CBBEB4335}.Release|Any CPU.Build.0 = Release|Any CPU
		{6FA92220-DAC3-4D05-968C-9A94B9246BE0}.Debug|Any CPU.ActiveCfg = Debug|Any CPU
		{6FA92220-DAC3-4D05-968C-9A94B9246BE0}.Debug|Any CPU.Build.0 = Debug|Any CPU
		{6FA92220-DAC3-4D05-968C-9A94B9246BE0}.Release|Any CPU.ActiveCfg = Release|Any CPU
		{6FA92220-DAC3-4D05-968C-9A94B9246BE0}.Release|Any CPU.Build.0 = Release|Any CPU
		{50B769B1-364B-4FD8-983C-BB06DA32B293}.Debug|Any CPU.ActiveCfg = Debug|Any CPU
		{50B769B1-364B-4FD8-983C-BB06DA32B293}.Debug|Any CPU.Build.0 = Debug|Any CPU
		{50B769B1-364B-4FD8-983C-BB06DA32B293}.Release|Any CPU.ActiveCfg = Release|Any CPU
		{50B769B1-364B-4FD8-983C-BB06DA32B293}.Release|Any CPU.Build.0 = Release|Any CPU
		{9EF760C6-DCF5-472A-B593-9458DC65DE21}.Debug|Any CPU.ActiveCfg = Debug|Any CPU
		{9EF760C6-DCF5-472A-B593-9458DC65DE21}.Debug|Any CPU.Build.0 = Debug|Any CPU
		{9EF760C6-DCF5-472A-B593-9458DC65DE21}.Release|Any CPU.ActiveCfg = Release|Any CPU
		{9EF760C6-DCF5-472A-B593-9458DC65DE21}.Release|Any CPU.Build.0 = Release|Any CPU
	EndGlobalSection
EndGlobal
